// !$*UTF8*$!
{
	archiveVersion = 1;
	classes = {
	};
	objectVersion = 46;
	objects = {

/* Begin PBXBuildFile section */
		5252A21C1E5FE5FD00E7F979 /* AppDelegate.swift in Sources */ = {isa = PBXBuildFile; fileRef = 5252A21B1E5FE5FD00E7F979 /* AppDelegate.swift */; };
		5252A21E1E5FE5FD00E7F979 /* ViewController.swift in Sources */ = {isa = PBXBuildFile; fileRef = 5252A21D1E5FE5FD00E7F979 /* ViewController.swift */; };
		5252A2211E5FE5FD00E7F979 /* Main.storyboard in Resources */ = {isa = PBXBuildFile; fileRef = 5252A21F1E5FE5FD00E7F979 /* Main.storyboard */; };
		5252A2231E5FE5FD00E7F979 /* Assets.xcassets in Resources */ = {isa = PBXBuildFile; fileRef = 5252A2221E5FE5FD00E7F979 /* Assets.xcassets */; };
		5252A2261E5FE5FE00E7F979 /* LaunchScreen.storyboard in Resources */ = {isa = PBXBuildFile; fileRef = 5252A2241E5FE5FD00E7F979 /* LaunchScreen.storyboard */; };
/* End PBXBuildFile section */

/* Begin PBXFileReference section */
		5252A2181E5FE5FD00E7F979 /* SizeClassesExample.app */ = {isa = PBXFileReference; explicitFileType = wrapper.application; includeInIndex = 0; path = SizeClassesExample.app; sourceTree = BUILT_PRODUCTS_DIR; };
		5252A21B1E5FE5FD00E7F979 /* AppDelegate.swift */ = {isa = PBXFileReference; lastKnownFileType = sourcecode.swift; path = AppDelegate.swift; sourceTree = "<group>"; };
		5252A21D1E5FE5FD00E7F979 /* ViewController.swift */ = {isa = PBXFileReference; lastKnownFileType = sourcecode.swift; path = ViewController.swift; sourceTree = "<group>"; };
		5252A2201E5FE5FD00E7F979 /* Base */ = {isa = PBXFileReference; lastKnownFileType = file.storyboard; name = Base; path = Base.lproj/Main.storyboard; sourceTree = "<group>"; };
		5252A2221E5FE5FD00E7F979 /* Assets.xcassets */ = {isa = PBXFileReference; lastKnownFileType = folder.assetcatalog; path = Assets.xcassets; sourceTree = "<group>"; };
		5252A2251E5FE5FD00E7F979 /* Base */ = {isa = PBXFileReference; lastKnownFileType = file.storyboard; name = Base; path = Base.lproj/LaunchScreen.storyboard; sourceTree = "<group>"; };
		5252A2271E5FE5FE00E7F979 /* Info.plist */ = {isa = PBXFileReference; lastKnownFileType = text.plist.xml; path = Info.plist; sourceTree = "<group>"; };
/* End PBXFileReference section */

/* Begin PBXFrameworksBuildPhase section */
		5252A2151E5FE5FD00E7F979 /* Frameworks */ = {
			isa = PBXFrameworksBuildPhase;
			buildActionMask = 2147483647;
			files = (
			);
			runOnlyForDeploymentPostprocessing = 0;
		};
/* End PBXFrameworksBuildPhase section */

/* Begin PBXGroup section */
		5252A20F1E5FE5FD00E7F979 = {
			isa = PBXGroup;
			children = (
				5252A21A1E5FE5FD00E7F979 /* SizeClassesExample */,
				5252A2191E5FE5FD00E7F979 /* Products */,
			);
			sourceTree = "<group>";
		};
		5252A2191E5FE5FD00E7F979 /* Products */ = {
			isa = PBXGroup;
			children = (
				5252A2181E5FE5FD00E7F979 /* SizeClassesExample.app */,
			);
			name = Products;
			sourceTree = "<group>";
		};
		5252A21A1E5FE5FD00E7F979 /* SizeClassesExample */ = {
			isa = PBXGroup;
			children = (
				5252A21B1E5FE5FD00E7F979 /* AppDelegate.swift */,
				5252A21D1E5FE5FD00E7F979 /* ViewController.swift */,
				5252A21F1E5FE5FD00E7F979 /* Main.storyboard */,
				5252A2221E5FE5FD00E7F979 /* Assets.xcassets */,
				5252A2241E5FE5FD00E7F979 /* LaunchScreen.storyboard */,
				5252A2271E5FE5FE00E7F979 /* Info.plist */,
			);
			path = SizeClassesExample;
			sourceTree = "<group>";
		};
/* End PBXGroup section */

/* Begin PBXNativeTarget section */
		5252A2171E5FE5FD00E7F979 /* SizeClassesExample */ = {
			isa = PBXNativeTarget;
			buildConfigurationList = 5252A22A1E5FE5FE00E7F979 /* Build configuration list for PBXNativeTarget "SizeClassesExample" */;
			buildPhases = (
				5252A2141E5FE5FD00E7F979 /* Sources */,
				5252A2151E5FE5FD00E7F979 /* Frameworks */,
				5252A2161E5FE5FD00E7F979 /* Resources */,
			);
			buildRules = (
			);
			dependencies = (
			);
			name = SizeClassesExample;
			productName = SizeClassesExample;
			productReference = 5252A2181E5FE5FD00E7F979 /* SizeClassesExample.app */;
			productType = "com.apple.product-type.application";
		};
/* End PBXNativeTarget section */

/* Begin PBXProject section */
		5252A2101E5FE5FD00E7F979 /* Project object */ = {
			isa = PBXProject;
			attributes = {
				LastSwiftUpdateCheck = 0820;
				LastUpgradeCheck = 0820;
				ORGANIZATIONNAME = "Junior Samaroo";
				TargetAttributes = {
					5252A2171E5FE5FD00E7F979 = {
						CreatedOnToolsVersion = 8.2.1;
						DevelopmentTeam = 8U7BK3695T;
						ProvisioningStyle = Automatic;
					};
				};
			};
			buildConfigurationList = 5252A2131E5FE5FD00E7F979 /* Build configuration list for PBXProject "SizeClassesExample" */;
			compatibilityVersion = "Xcode 3.2";
			developmentRegion = English;
			hasScannedForEncodings = 0;
			knownRegions = (
				en,
				Base,
			);
			mainGroup = 5252A20F1E5FE5FD00E7F979;
			productRefGroup = 5252A2191E5FE5FD00E7F979 /* Products */;
			projectDirPath = "";
			projectRoot = "";
			targets = (
				5252A2171E5FE5FD00E7F979 /* SizeClassesExample */,
			);
		};
/* End PBXProject section */

/* Begin PBXResourcesBuildPhase section */
		5252A2161E5FE5FD00E7F979 /* Resources */ = {
			isa = PBXResourcesBuildPhase;
			buildActionMask = 2147483647;
			files = (
				5252A2261E5FE5FE00E7F979 /* LaunchScreen.storyboard in Resources */,
				5252A2231E5FE5FD00E7F979 /* Assets.xcassets in Resources */,
				5252A2211E5FE5FD00E7F979 /* Main.storyboard in Resources */,
			);
			runOnlyForDeploymentPostprocessing = 0;
		};
/* End PBXResourcesBuildPhase section */

/* Begin PBXSourcesBuildPhase section */
		5252A2141E5FE5FD00E7F979 /* Sources */ = {
			isa = PBXSourcesBuildPhase;
			buildActionMask = 2147483647;
			files = (
				5252A21E1E5FE5FD00E7F979 /* ViewController.swift in Sources */,
				5252A21C1E5FE5FD00E7F979 /* AppDelegate.swift in Sources */,
			);
			runOnlyForDeploymentPostprocessing = 0;
		};
/* End PBXSourcesBuildPhase section */

/* Begin PBXVariantGroup section */
		5252A21F1E5FE5FD00E7F979 /* Main.storyboard */ = {
			isa = PBXVariantGroup;
			children = (
				5252A2201E5FE5FD00E7F979 /* Base */,
			);
			name = Main.storyboard;
			sourceTree = "<group>";
		};
		5252A2241E5FE5FD00E7F979 /* LaunchScreen.storyboard */ = {
			isa = PBXVariantGroup;
			children = (
				5252A2251E5FE5FD00E7F979 /* Base */,
			);
			name = LaunchScreen.storyboard;
			sourceTree = "<group>";
		};
/* End PBXVariantGroup section */

/* Begin XCBuildConfiguration section */
		5252A2281E5FE5FE00E7F979 /* Debug */ = {
			isa = XCBuildConfiguration;
			buildSettings = {
				ALWAYS_SEARCH_USER_PATHS = NO;
				CLANG_ANALYZER_NONNULL = YES;
				CLANG_CXX_LANGUAGE_STANDARD = "gnu++0x";
				CLANG_CXX_LIBRARY = "libc++";
				CLANG_ENABLE_MODULES = YES;
				CLANG_ENABLE_OBJC_ARC = YES;
				CLANG_WARN_BOOL_CONVERSION = YES;
				CLANG_WARN_CONSTANT_CONVERSION = YES;
				CLANG_WARN_DIRECT_OBJC_ISA_USAGE = YES_ERROR;
				CLANG_WARN_DOCUMENTATION_COMMENTS = YES;
				CLANG_WARN_EMPTY_BODY = YES;
				CLANG_WARN_ENUM_CONVERSION = YES;
				CLANG_WARN_INFINITE_RECURSION = YES;
				CLANG_WARN_INT_CONVERSION = YES;
				CLANG_WARN_OBJC_ROOT_CLASS = YES_ERROR;
				CLANG_WARN_SUSPICIOUS_MOVE = YES;
				CLANG_WARN_UNREACHABLE_CODE = YES;
				CLANG_WARN__DUPLICATE_METHOD_MATCH = YES;
				"CODE_SIGN_IDENTITY[sdk=iphoneos*]" = "iPhone Developer";
				COPY_PHASE_STRIP = NO;
				DEBUG_INFORMATION_FORMAT = dwarf;
				ENABLE_STRICT_OBJC_MSGSEND = YES;
				ENABLE_TESTABILITY = YES;
				GCC_C_LANGUAGE_STANDARD = gnu99;
				GCC_DYNAMIC_NO_PIC = NO;
				GCC_NO_COMMON_BLOCKS = YES;
				GCC_OPTIMIZATION_LEVEL = 0;
				GCC_PREPROCESSOR_DEFINITIONS = (
					"DEBUG=1",
					"$(inherited)",
				);
				GCC_WARN_64_TO_32_BIT_CONVERSION = YES;
				GCC_WARN_ABOUT_RETURN_TYPE = YES_ERROR;
				GCC_WARN_UNDECLARED_SELECTOR = YES;
				GCC_WARN_UNINITIALIZED_AUTOS = YES_AGGRESSIVE;
				GCC_WARN_UNUSED_FUNCTION = YES;
				GCC_WARN_UNUSED_VARIABLE = YES;
				IPHONEOS_DEPLOYMENT_TARGET = 10.2;
				MTL_ENABLE_DEBUG_INFO = YES;
				ONLY_ACTIVE_ARCH = YES;
				SDKROOT = iphoneos;
				SWIFT_ACTIVE_COMPILATION_CONDITIONS = DEBUG;
				SWIFT_OPTIMIZATION_LEVEL = "-Onone";
				TARGETED_DEVICE_FAMILY = "1,2";
			};
			name = Debug;
		};
		5252A2291E5FE5FE00E7F979 /* Release */ = {
			isa = XCBuildConfiguration;
			buildSettings = {
				ALWAYS_SEARCH_USER_PATHS = NO;
				CLANG_ANALYZER_NONNULL = YES;
				CLANG_CXX_LANGUAGE_STANDARD = "gnu++0x";
				CLANG_CXX_LIBRARY = "libc++";
				CLANG_ENABLE_MODULES = YES;
				CLANG_ENABLE_OBJC_ARC = YES;
				CLANG_WARN_BOOL_CONVERSION = YES;
				CLANG_WARN_CONSTANT_CONVERSION = YES;
				CLANG_WARN_DIRECT_OBJC_ISA_USAGE = YES_ERROR;
				CLANG_WARN_DOCUMENTATION_COMMENTS = YES;
				CLANG_WARN_EMPTY_BODY = YES;
				CLANG_WARN_ENUM_CONVERSION = YES;
				CLANG_WARN_INFINITE_RECURSION = YES;
				CLANG_WARN_INT_CONVERSION = YES;
				CLANG_WARN_OBJC_ROOT_CLASS = YES_ERROR;
				CLANG_WARN_SUSPICIOUS_MOVE = YES;
				CLANG_WARN_UNREACHABLE_CODE = YES;
				CLANG_WARN__DUPLICATE_METHOD_MATCH = YES;
				"CODE_SIGN_IDENTITY[sdk=iphoneos*]" = "iPhone Developer";
				COPY_PHASE_STRIP = NO;
				DEBUG_INFORMATION_FORMAT = "dwarf-with-dsym";
				ENABLE_NS_ASSERTIONS = NO;
				ENABLE_STRICT_OBJC_MSGSEND = YES;
				GCC_C_LANGUAGE_STANDARD = gnu99;
				GCC_NO_COMMON_BLOCKS = YES;
				GCC_WARN_64_TO_32_BIT_CONVERSION = YES;
				GCC_WARN_ABOUT_RETURN_TYPE = YES_ERROR;
				GCC_WARN_UNDECLARED_SELECTOR = YES;
				GCC_WARN_UNINITIALIZED_AUTOS = YES_AGGRESSIVE;
				GCC_WARN_UNUSED_FUNCTION = YES;
				GCC_WARN_UNUSED_VARIABLE = YES;
				IPHONEOS_DEPLOYMENT_TARGET = 10.2;
				MTL_ENABLE_DEBUG_INFO = NO;
				SDKROOT = iphoneos;
				SWIFT_OPTIMIZATION_LEVEL = "-Owholemodule";
				TARGETED_DEVICE_FAMILY = "1,2";
				VALIDATE_PRODUCT = YES;
			};
			name = Release;
		};
		5252A22B1E5FE5FE00E7F979 /* Debug */ = {
			isa = XCBuildConfiguration;
			buildSettings = {
				ASSETCATALOG_COMPILER_APPICON_NAME = AppIcon;
				DEVELOPMENT_TEAM = 8U7BK3695T;
				INFOPLIST_FILE = SizeClassesExample/Info.plist;
				LD_RUNPATH_SEARCH_PATHS = "$(inherited) @executable_path/Frameworks";
				PRODUCT_BUNDLE_IDENTIFIER = com.juniorsamaroo.SizeClassesExample;
				PRODUCT_NAME = "$(TARGET_NAME)";
				SWIFT_VERSION = 3.0;
			};
			name = Debug;
		};
		5252A22C1E5FE5FE00E7F979 /* Release */ = {
			isa = XCBuildConfiguration;
			buildSettings = {
				ASSETCATALOG_COMPILER_APPICON_NAME = AppIcon;
				DEVELOPMENT_TEAM = 8U7BK3695T;
				INFOPLIST_FILE = SizeClassesExample/Info.plist;
				LD_RUNPATH_SEARCH_PATHS = "$(inherited) @executable_path/Frameworks";
				PRODUCT_BUNDLE_IDENTIFIER = com.juniorsamaroo.SizeClassesExample;
				PRODUCT_NAME = "$(TARGET_NAME)";
				SWIFT_VERSION = 3.0;
			};
			name = Release;
		};
/* End XCBuildConfiguration section */

/* Begin XCConfigurationList section */
		5252A2131E5FE5FD00E7F979 /* Build configuration list for PBXProject "SizeClassesExample" */ = {
			isa = XCConfigurationList;
			buildConfigurations = (
				5252A2281E5FE5FE00E7F979 /* Debug */,
				5252A2291E5FE5FE00E7F979 /* Release */,
			);
			defaultConfigurationIsVisible = 0;
			defaultConfigurationName = Release;
		};
		5252A22A1E5FE5FE00E7F979 /* Build configuration list for PBXNativeTarget "SizeClassesExample" */ = {
			isa = XCConfigurationList;
			buildConfigurations = (
				5252A22B1E5FE5FE00E7F979 /* Debug */,
				5252A22C1E5FE5FE00E7F979 /* Release */,
			);
			defaultConfigurationIsVisible = 0;
		};
/* End XCConfigurationList section */
	};
	rootObject = 5252A2101E5FE5FD00E7F979 /* Project object */;
}
